PODS:
  - ColorSlider (4.4)
  - Fritz (4.2.5):
    - Fritz/Vision (= 4.2.5)
  - Fritz/Vision (4.2.5):
    - FritzBase/Vision (= 4.2.5)
  - Fritz/VisionSegmentationModel/Hair/Fast (4.2.5):
    - FritzVisionHairSegmentationModelFast (~> 4.2.0)
  - FritzBase/Core (4.2.5)
  - FritzBase/CoreMLHelpers (4.2.5)
  - FritzBase/ManagedModel (4.2.5):
    - FritzBase/Core (= 4.2.5)
  - FritzBase/Vision (4.2.5):
    - FritzBase/Core (= 4.2.5)
    - FritzBase/CoreMLHelpers (= 4.2.5)
    - FritzBase/ManagedModel (= 4.2.5)
  - FritzVisionHairSegmentationModelFast (4.2.3):
    - FritzBase/Vision (~> 4.2.0)

DEPENDENCIES:
  - ColorSlider (~> 4.4)
  - Fritz (~> 4.2.4)
  - Fritz/VisionSegmentationModel/Hair/Fast

SPEC REPOS:
  https://github.com/cocoapods/specs.git:
    - ColorSlider
    - Fritz
    - FritzBase
    - FritzVisionHairSegmentationModelFast

SPEC CHECKSUMS:
  ColorSlider: 9a888e65b871fa1e6a26fadebf4931c949935681
  Fritz: a626749eefdea3f5ead85f9169ef9bff3734e660
  FritzBase: 919d900ae97c74a838ae08fd2121d8c648326d7d
  FritzVisionHairSegmentationModelFast: bf3e422aecd510437cc580379634b168c31ffcb4

PODFILE CHECKSUM: 79144c20e5d1712850eeb8cd51409d3501d31202

COCOAPODS: 1.7.5
